
Microsoft Visual Studio Solution File, Format Version 12.00
# Visual Studio Version 16
VisualStudioVersion = 16.0.31402.337
MinimumVisualStudioVersion = 10.0.40219.1
Project("{FAE04EC0-301F-11D3-BF4B-00C04F79EFBC}") = "program3", "program3\program3.csproj", "{D41FC704-2DDA-4388-8C0F-375934DA837C}"
EndProject
Global
	GlobalSection(SolutionConfigurationPlatforms) = preSolution
		Debug|Any CPU = Debug|Any CPU
		Release|Any CPU = Release|Any CPU
	EndGlobalSection
	GlobalSection(ProjectConfigurationPlatforms) = postSolution
		{D41FC704-2DDA-4388-8C0F-375934DA837C}.Debug|Any CPU.ActiveCfg = Debug|Any CPU
		{D41FC704-2DDA-4388-8C0F-375934DA837C}.Debug|Any CPU.Build.0 = Debug|Any CPU
		{D41FC704-2DDA-4388-8C0F-375934DA837C}.Release|Any CPU.ActiveCfg = Release|Any CPU
		{D41FC704-2DDA-4388-8C0F-375934DA837C}.Release|Any CPU.Build.0 = Release|Any CPU
	EndGlobalSection
	GlobalSection(SolutionProperties) = preSolution
		HideSolutionNode = FALSE
	EndGlobalSection
	GlobalSection(ExtensibilityGlobals) = postSolution
		SolutionGuid = {7798AE69-292C-455F-9BF3-AEE692CA8E60}
	EndGlobalSection
EndGlobal
